// !$*UTF8*$!
{
	archiveVersion = 1;
	classes = {
	};
	objectVersion = 50;
	objects = {

/* Begin PBXBuildFile section */
		680C096121099C41000224C2 /* WHDebugMonitor.m in Sources */ = {isa = PBXBuildFile; fileRef = 680C096021099C41000224C2 /* WHDebugMonitor.m */; };
		680C096721099EA1000224C2 /* WHDebugCpuMonitor.m in Sources */ = {isa = PBXBuildFile; fileRef = 680C096621099EA1000224C2 /* WHDebugCpuMonitor.m */; };
		680C096A21099F97000224C2 /* WHDebugMemoryMonitor.m in Sources */ = {isa = PBXBuildFile; fileRef = 680C096921099F97000224C2 /* WHDebugMemoryMonitor.m */; };
		680C096D21099FFD000224C2 /* WHDebugFPSMonitor.m in Sources */ = {isa = PBXBuildFile; fileRef = 680C096C21099FFD000224C2 /* WHDebugFPSMonitor.m */; };
		6829FE2021039D3B0069CEB2 /* AppDelegate.m in Sources */ = {isa = PBXBuildFile; fileRef = 6829FE1F21039D3B0069CEB2 /* AppDelegate.m */; };
		6829FE2321039D3B0069CEB2 /* ViewController.m in Sources */ = {isa = PBXBuildFile; fileRef = 6829FE2221039D3B0069CEB2 /* ViewController.m */; };
		6829FE2621039D3B0069CEB2 /* Main.storyboard in Resources */ = {isa = PBXBuildFile; fileRef = 6829FE2421039D3B0069CEB2 /* Main.storyboard */; };
		6829FE2821039D3C0069CEB2 /* Assets.xcassets in Resources */ = {isa = PBXBuildFile; fileRef = 6829FE2721039D3C0069CEB2 /* Assets.xcassets */; };
		6829FE2B21039D3C0069CEB2 /* LaunchScreen.storyboard in Resources */ = {isa = PBXBuildFile; fileRef = 6829FE2921039D3C0069CEB2 /* LaunchScreen.storyboard */; };
		6829FE2E21039D3D0069CEB2 /* main.m in Sources */ = {isa = PBXBuildFile; fileRef = 6829FE2D21039D3D0069CEB2 /* main.m */; };
		6829FE3D21039D480069CEB2 /* WHDebugToolManager.m in Sources */ = {isa = PBXBuildFile; fileRef = 6829FE3621039D480069CEB2 /* WHDebugToolManager.m */; };
		6829FE4021039D480069CEB2 /* WHDebugConsoleLabel.m in Sources */ = {isa = PBXBuildFile; fileRef = 6829FE3C21039D480069CEB2 /* WHDebugConsoleLabel.m */; };
/* End PBXBuildFile section */

/* Begin PBXFileReference section */
		680C095F21099C41000224C2 /* WHDebugMonitor.h */ = {isa = PBXFileReference; lastKnownFileType = sourcecode.c.h; path = WHDebugMonitor.h; sourceTree = "<group>"; };
		680C096021099C41000224C2 /* WHDebugMonitor.m */ = {isa = PBXFileReference; lastKnownFileType = sourcecode.c.objc; path = WHDebugMonitor.m; sourceTree = "<group>"; };
		680C096521099EA1000224C2 /* WHDebugCpuMonitor.h */ = {isa = PBXFileReference; lastKnownFileType = sourcecode.c.h; path = WHDebugCpuMonitor.h; sourceTree = "<group>"; };
		680C096621099EA1000224C2 /* WHDebugCpuMonitor.m */ = {isa = PBXFileReference; lastKnownFileType = sourcecode.c.objc; path = WHDebugCpuMonitor.m; sourceTree = "<group>"; };
		680C096821099F97000224C2 /* WHDebugMemoryMonitor.h */ = {isa = PBXFileReference; lastKnownFileType = sourcecode.c.h; path = WHDebugMemoryMonitor.h; sourceTree = "<group>"; };
		680C096921099F97000224C2 /* WHDebugMemoryMonitor.m */ = {isa = PBXFileReference; lastKnownFileType = sourcecode.c.objc; path = WHDebugMemoryMonitor.m; sourceTree = "<group>"; };
		680C096B21099FFD000224C2 /* WHDebugFPSMonitor.h */ = {isa = PBXFileReference; lastKnownFileType = sourcecode.c.h; path = WHDebugFPSMonitor.h; sourceTree = "<group>"; };
		680C096C21099FFD000224C2 /* WHDebugFPSMonitor.m */ = {isa = PBXFileReference; lastKnownFileType = sourcecode.c.objc; path = WHDebugFPSMonitor.m; sourceTree = "<group>"; };
		6829FE1B21039D3B0069CEB2 /* Demo.app */ = {isa = PBXFileReference; explicitFileType = wrapper.application; includeInIndex = 0; path = Demo.app; sourceTree = BUILT_PRODUCTS_DIR; };
		6829FE1E21039D3B0069CEB2 /* AppDelegate.h */ = {isa = PBXFileReference; lastKnownFileType = sourcecode.c.h; path = AppDelegate.h; sourceTree = "<group>"; };
		6829FE1F21039D3B0069CEB2 /* AppDelegate.m */ = {isa = PBXFileReference; lastKnownFileType = sourcecode.c.objc; path = AppDelegate.m; sourceTree = "<group>"; };
		6829FE2121039D3B0069CEB2 /* ViewController.h */ = {isa = PBXFileReference; lastKnownFileType = sourcecode.c.h; path = ViewController.h; sourceTree = "<group>"; };
		6829FE2221039D3B0069CEB2 /* ViewController.m */ = {isa = PBXFileReference; lastKnownFileType = sourcecode.c.objc; path = ViewController.m; sourceTree = "<group>"; };
		6829FE2521039D3B0069CEB2 /* Base */ = {isa = PBXFileReference; lastKnownFileType = file.storyboard; name = Base; path = Base.lproj/Main.storyboard; sourceTree = "<group>"; };
		6829FE2721039D3C0069CEB2 /* Assets.xcassets */ = {isa = PBXFileReference; lastKnownFileType = folder.assetcatalog; path = Assets.xcassets; sourceTree = "<group>"; };
		6829FE2A21039D3C0069CEB2 /* Base */ = {isa = PBXFileReference; lastKnownFileType = file.storyboard; name = Base; path = Base.lproj/LaunchScreen.storyboard; sourceTree = "<group>"; };
		6829FE2C21039D3D0069CEB2 /* Info.plist */ = {isa = PBXFileReference; lastKnownFileType = text.plist.xml; path = Info.plist; sourceTree = "<group>"; };
		6829FE2D21039D3D0069CEB2 /* main.m */ = {isa = PBXFileReference; lastKnownFileType = sourcecode.c.objc; path = main.m; sourceTree = "<group>"; };
		6829FE3621039D480069CEB2 /* WHDebugToolManager.m */ = {isa = PBXFileReference; fileEncoding = 4; lastKnownFileType = sourcecode.c.objc; path = WHDebugToolManager.m; sourceTree = "<group>"; };
		6829FE3721039D480069CEB2 /* WHDebugConsoleLabel.h */ = {isa = PBXFileReference; fileEncoding = 4; lastKnownFileType = sourcecode.c.h; path = WHDebugConsoleLabel.h; sourceTree = "<group>"; };
		6829FE3A21039D480069CEB2 /* WHDebugToolManager.h */ = {isa = PBXFileReference; fileEncoding = 4; lastKnownFileType = sourcecode.c.h; path = WHDebugToolManager.h; sourceTree = "<group>"; };
		6829FE3C21039D480069CEB2 /* WHDebugConsoleLabel.m */ = {isa = PBXFileReference; fileEncoding = 4; lastKnownFileType = sourcecode.c.objc; path = WHDebugConsoleLabel.m; sourceTree = "<group>"; };
/* End PBXFileReference section */

/* Begin PBXFrameworksBuildPhase section */
		6829FE1821039D3B0069CEB2 /* Frameworks */ = {
			isa = PBXFrameworksBuildPhase;
			buildActionMask = 2147483647;
			files = (
			);
			runOnlyForDeploymentPostprocessing = 0;
		};
/* End PBXFrameworksBuildPhase section */

/* Begin PBXGroup section */
		6829FE1221039D3B0069CEB2 = {
			isa = PBXGroup;
			children = (
				6829FE1D21039D3B0069CEB2 /* Demo */,
				6829FE1C21039D3B0069CEB2 /* Products */,
			);
			sourceTree = "<group>";
		};
		6829FE1C21039D3B0069CEB2 /* Products */ = {
			isa = PBXGroup;
			children = (
				6829FE1B21039D3B0069CEB2 /* Demo.app */,
			);
			name = Products;
			sourceTree = "<group>";
		};
		6829FE1D21039D3B0069CEB2 /* Demo */ = {
			isa = PBXGroup;
			children = (
				6829FE3421039D480069CEB2 /* WHDebugTool */,
				6829FE1E21039D3B0069CEB2 /* AppDelegate.h */,
				6829FE1F21039D3B0069CEB2 /* AppDelegate.m */,
				6829FE2121039D3B0069CEB2 /* ViewController.h */,
				6829FE2221039D3B0069CEB2 /* ViewController.m */,
				6829FE2421039D3B0069CEB2 /* Main.storyboard */,
				6829FE2721039D3C0069CEB2 /* Assets.xcassets */,
				6829FE2921039D3C0069CEB2 /* LaunchScreen.storyboard */,
				6829FE2C21039D3D0069CEB2 /* Info.plist */,
				6829FE2D21039D3D0069CEB2 /* main.m */,
			);
			path = Demo;
			sourceTree = "<group>";
		};
		6829FE3421039D480069CEB2 /* WHDebugTool */ = {
			isa = PBXGroup;
			children = (
				6829FE3721039D480069CEB2 /* WHDebugConsoleLabel.h */,
				6829FE3C21039D480069CEB2 /* WHDebugConsoleLabel.m */,
				680C095F21099C41000224C2 /* WHDebugMonitor.h */,
				680C096021099C41000224C2 /* WHDebugMonitor.m */,
				680C096521099EA1000224C2 /* WHDebugCpuMonitor.h */,
				680C096621099EA1000224C2 /* WHDebugCpuMonitor.m */,
				680C096821099F97000224C2 /* WHDebugMemoryMonitor.h */,
				680C096921099F97000224C2 /* WHDebugMemoryMonitor.m */,
				680C096B21099FFD000224C2 /* WHDebugFPSMonitor.h */,
				680C096C21099FFD000224C2 /* WHDebugFPSMonitor.m */,
				6829FE3A21039D480069CEB2 /* WHDebugToolManager.h */,
				6829FE3621039D480069CEB2 /* WHDebugToolManager.m */,
			);
			path = WHDebugTool;
			sourceTree = "<group>";
		};
/* End PBXGroup section */

/* Begin PBXNativeTarget section */
		6829FE1A21039D3B0069CEB2 /* Demo */ = {
			isa = PBXNativeTarget;
			buildConfigurationList = 6829FE3121039D3D0069CEB2 /* Build configuration list for PBXNativeTarget "Demo" */;
			buildPhases = (
				6829FE1721039D3B0069CEB2 /* Sources */,
				6829FE1821039D3B0069CEB2 /* Frameworks */,
				6829FE1921039D3B0069CEB2 /* Resources */,
			);
			buildRules = (
			);
			dependencies = (
			);
			name = Demo;
			productName = Demo;
			productReference = 6829FE1B21039D3B0069CEB2 /* Demo.app */;
			productType = "com.apple.product-type.application";
		};
/* End PBXNativeTarget section */

/* Begin PBXProject section */
		6829FE1321039D3B0069CEB2 /* Project object */ = {
			isa = PBXProject;
			attributes = {
				LastUpgradeCheck = 0940;
				ORGANIZATIONNAME = wuhao;
				TargetAttributes = {
					6829FE1A21039D3B0069CEB2 = {
						CreatedOnToolsVersion = 9.4.1;
					};
				};
			};
			buildConfigurationList = 6829FE1621039D3B0069CEB2 /* Build configuration list for PBXProject "Demo" */;
			compatibilityVersion = "Xcode 9.3";
			developmentRegion = en;
			hasScannedForEncodings = 0;
			knownRegions = (
				en,
				Base,
			);
			mainGroup = 6829FE1221039D3B0069CEB2;
			productRefGroup = 6829FE1C21039D3B0069CEB2 /* Products */;
			projectDirPath = "";
			projectRoot = "";
			targets = (
				6829FE1A21039D3B0069CEB2 /* Demo */,
			);
		};
/* End PBXProject section */

/* Begin PBXResourcesBuildPhase section */
		6829FE1921039D3B0069CEB2 /* Resources */ = {
			isa = PBXResourcesBuildPhase;
			buildActionMask = 2147483647;
			files = (
				6829FE2B21039D3C0069CEB2 /* LaunchScreen.storyboard in Resources */,
				6829FE2821039D3C0069CEB2 /* Assets.xcassets in Resources */,
				6829FE2621039D3B0069CEB2 /* Main.storyboard in Resources */,
			);
			runOnlyForDeploymentPostprocessing = 0;
		};
/* End PBXResourcesBuildPhase section */

/* Begin PBXSourcesBuildPhase section */
		6829FE1721039D3B0069CEB2 /* Sources */ = {
			isa = PBXSourcesBuildPhase;
			buildActionMask = 2147483647;
			files = (
				6829FE2321039D3B0069CEB2 /* ViewController.m in Sources */,
				680C096A21099F97000224C2 /* WHDebugMemoryMonitor.m in Sources */,
				680C096121099C41000224C2 /* WHDebugMonitor.m in Sources */,
				680C096721099EA1000224C2 /* WHDebugCpuMonitor.m in Sources */,
				6829FE4021039D480069CEB2 /* WHDebugConsoleLabel.m in Sources */,
				6829FE2E21039D3D0069CEB2 /* main.m in Sources */,
				6829FE3D21039D480069CEB2 /* WHDebugToolManager.m in Sources */,
				680C096D21099FFD000224C2 /* WHDebugFPSMonitor.m in Sources */,
				6829FE2021039D3B0069CEB2 /* AppDelegate.m in Sources */,
			);
			runOnlyForDeploymentPostprocessing = 0;
		};
/* End PBXSourcesBuildPhase section */

/* Begin PBXVariantGroup section */
		6829FE2421039D3B0069CEB2 /* Main.storyboard */ = {
			isa = PBXVariantGroup;
			children = (
				6829FE2521039D3B0069CEB2 /* Base */,
			);
			name = Main.storyboard;
			sourceTree = "<group>";
		};
		6829FE2921039D3C0069CEB2 /* LaunchScreen.storyboard */ = {
			isa = PBXVariantGroup;
			children = (
				6829FE2A21039D3C0069CEB2 /* Base */,
			);
			name = LaunchScreen.storyboard;
			sourceTree = "<group>";
		};
/* End PBXVariantGroup section */

/* Begin XCBuildConfiguration section */
		6829FE2F21039D3D0069CEB2 /* Debug */ = {
			isa = XCBuildConfiguration;
			buildSettings = {
				ALWAYS_SEARCH_USER_PATHS = NO;
				CLANG_ANALYZER_NONNULL = YES;
				CLANG_ANALYZER_NUMBER_OBJECT_CONVERSION = YES_AGGRESSIVE;
				CLANG_CXX_LANGUAGE_STANDARD = "gnu++14";
				CLANG_CXX_LIBRARY = "libc++";
				CLANG_ENABLE_MODULES = YES;
				CLANG_ENABLE_OBJC_ARC = YES;
				CLANG_ENABLE_OBJC_WEAK = YES;
				CLANG_WARN_BLOCK_CAPTURE_AUTORELEASING = YES;
				CLANG_WARN_BOOL_CONVERSION = YES;
				CLANG_WARN_COMMA = YES;
				CLANG_WARN_CONSTANT_CONVERSION = YES;
				CLANG_WARN_DEPRECATED_OBJC_IMPLEMENTATIONS = YES;
				CLANG_WARN_DIRECT_OBJC_ISA_USAGE = YES_ERROR;
				CLANG_WARN_DOCUMENTATION_COMMENTS = YES;
				CLANG_WARN_EMPTY_BODY = YES;
				CLANG_WARN_ENUM_CONVERSION = YES;
				CLANG_WARN_INFINITE_RECURSION = YES;
				CLANG_WARN_INT_CONVERSION = YES;
				CLANG_WARN_NON_LITERAL_NULL_CONVERSION = YES;
				CLANG_WARN_OBJC_IMPLICIT_RETAIN_SELF = YES;
				CLANG_WARN_OBJC_LITERAL_CONVERSION = YES;
				CLANG_WARN_OBJC_ROOT_CLASS = YES_ERROR;
				CLANG_WARN_RANGE_LOOP_ANALYSIS = YES;
				CLANG_WARN_STRICT_PROTOTYPES = YES;
				CLANG_WARN_SUSPICIOUS_MOVE = YES;
				CLANG_WARN_UNGUARDED_AVAILABILITY = YES_AGGRESSIVE;
				CLANG_WARN_UNREACHABLE_CODE = YES;
				CLANG_WARN__DUPLICATE_METHOD_MATCH = YES;
				CODE_SIGN_IDENTITY = "iPhone Developer";
				COPY_PHASE_STRIP = NO;
				DEBUG_INFORMATION_FORMAT = dwarf;
				ENABLE_STRICT_OBJC_MSGSEND = YES;
				ENABLE_TESTABILITY = YES;
				GCC_C_LANGUAGE_STANDARD = gnu11;
				GCC_DYNAMIC_NO_PIC = NO;
				GCC_NO_COMMON_BLOCKS = YES;
				GCC_OPTIMIZATION_LEVEL = 0;
				GCC_PREPROCESSOR_DEFINITIONS = (
					"DEBUG=1",
					"$(inherited)",
				);
				GCC_WARN_64_TO_32_BIT_CONVERSION = YES;
				GCC_WARN_ABOUT_RETURN_TYPE = YES_ERROR;
				GCC_WARN_UNDECLARED_SELECTOR = YES;
				GCC_WARN_UNINITIALIZED_AUTOS = YES_AGGRESSIVE;
				GCC_WARN_UNUSED_FUNCTION = YES;
				GCC_WARN_UNUSED_VARIABLE = YES;
				IPHONEOS_DEPLOYMENT_TARGET = 11.4;
				MTL_ENABLE_DEBUG_INFO = YES;
				ONLY_ACTIVE_ARCH = YES;
				SDKROOT = iphoneos;
			};
			name = Debug;
		};
		6829FE3021039D3D0069CEB2 /* Release */ = {
			isa = XCBuildConfiguration;
			buildSettings = {
				ALWAYS_SEARCH_USER_PATHS = NO;
				CLANG_ANALYZER_NONNULL = YES;
				CLANG_ANALYZER_NUMBER_OBJECT_CONVERSION = YES_AGGRESSIVE;
				CLANG_CXX_LANGUAGE_STANDARD = "gnu++14";
				CLANG_CXX_LIBRARY = "libc++";
				CLANG_ENABLE_MODULES = YES;
				CLANG_ENABLE_OBJC_ARC = YES;
				CLANG_ENABLE_OBJC_WEAK = YES;
				CLANG_WARN_BLOCK_CAPTURE_AUTORELEASING = YES;
				CLANG_WARN_BOOL_CONVERSION = YES;
				CLANG_WARN_COMMA = YES;
				CLANG_WARN_CONSTANT_CONVERSION = YES;
				CLANG_WARN_DEPRECATED_OBJC_IMPLEMENTATIONS = YES;
				CLANG_WARN_DIRECT_OBJC_ISA_USAGE = YES_ERROR;
				CLANG_WARN_DOCUMENTATION_COMMENTS = YES;
				CLANG_WARN_EMPTY_BODY = YES;
				CLANG_WARN_ENUM_CONVERSION = YES;
				CLANG_WARN_INFINITE_RECURSION = YES;
				CLANG_WARN_INT_CONVERSION = YES;
				CLANG_WARN_NON_LITERAL_NULL_CONVERSION = YES;
				CLANG_WARN_OBJC_IMPLICIT_RETAIN_SELF = YES;
				CLANG_WARN_OBJC_LITERAL_CONVERSION = YES;
				CLANG_WARN_OBJC_ROOT_CLASS = YES_ERROR;
				CLANG_WARN_RANGE_LOOP_ANALYSIS = YES;
				CLANG_WARN_STRICT_PROTOTYPES = YES;
				CLANG_WARN_SUSPICIOUS_MOVE = YES;
				CLANG_WARN_UNGUARDED_AVAILABILITY = YES_AGGRESSIVE;
				CLANG_WARN_UNREACHABLE_CODE = YES;
				CLANG_WARN__DUPLICATE_METHOD_MATCH = YES;
				CODE_SIGN_IDENTITY = "iPhone Developer";
				COPY_PHASE_STRIP = NO;
				DEBUG_INFORMATION_FORMAT = "dwarf-with-dsym";
				ENABLE_NS_ASSERTIONS = NO;
				ENABLE_STRICT_OBJC_MSGSEND = YES;
				GCC_C_LANGUAGE_STANDARD = gnu11;
				GCC_NO_COMMON_BLOCKS = YES;
				GCC_WARN_64_TO_32_BIT_CONVERSION = YES;
				GCC_WARN_ABOUT_RETURN_TYPE = YES_ERROR;
				GCC_WARN_UNDECLARED_SELECTOR = YES;
				GCC_WARN_UNINITIALIZED_AUTOS = YES_AGGRESSIVE;
				GCC_WARN_UNUSED_FUNCTION = YES;
				GCC_WARN_UNUSED_VARIABLE = YES;
				IPHONEOS_DEPLOYMENT_TARGET = 11.4;
				MTL_ENABLE_DEBUG_INFO = NO;
				SDKROOT = iphoneos;
				VALIDATE_PRODUCT = YES;
			};
			name = Release;
		};
		6829FE3221039D3D0069CEB2 /* Debug */ = {
			isa = XCBuildConfiguration;
			buildSettings = {
				ASSETCATALOG_COMPILER_APPICON_NAME = AppIcon;
				CODE_SIGN_STYLE = Automatic;
				INFOPLIST_FILE = Demo/Info.plist;
				LD_RUNPATH_SEARCH_PATHS = (
					"$(inherited)",
					"@executable_path/Frameworks",
				);
				PRODUCT_BUNDLE_IDENTIFIER = wuhao.com.Demo;
				PRODUCT_NAME = "$(TARGET_NAME)";
				TARGETED_DEVICE_FAMILY = "1,2";
			};
			name = Debug;
		};
		6829FE3321039D3D0069CEB2 /* Release */ = {
			isa = XCBuildConfiguration;
			buildSettings = {
				ASSETCATALOG_COMPILER_APPICON_NAME = AppIcon;
				CODE_SIGN_STYLE = Automatic;
				INFOPLIST_FILE = Demo/Info.plist;
				LD_RUNPATH_SEARCH_PATHS = (
					"$(inherited)",
					"@executable_path/Frameworks",
				);
				PRODUCT_BUNDLE_IDENTIFIER = wuhao.com.Demo;
				PRODUCT_NAME = "$(TARGET_NAME)";
				TARGETED_DEVICE_FAMILY = "1,2";
			};
			name = Release;
		};
/* End XCBuildConfiguration section */

/* Begin XCConfigurationList section */
		6829FE1621039D3B0069CEB2 /* Build configuration list for PBXProject "Demo" */ = {
			isa = XCConfigurationList;
			buildConfigurations = (
				6829FE2F21039D3D0069CEB2 /* Debug */,
				6829FE3021039D3D0069CEB2 /* Release */,
			);
			defaultConfigurationIsVisible = 0;
			defaultConfigurationName = Release;
		};
		6829FE3121039D3D0069CEB2 /* Build configuration list for PBXNativeTarget "Demo" */ = {
			isa = XCConfigurationList;
			buildConfigurations = (
				6829FE3221039D3D0069CEB2 /* Debug */,
				6829FE3321039D3D0069CEB2 /* Release */,
			);
			defaultConfigurationIsVisible = 0;
			defaultConfigurationName = Release;
		};
/* End XCConfigurationList section */
	};
	rootObject = 6829FE1321039D3B0069CEB2 /* Project object */;
}
